
Microsoft Visual Studio Solution File, Format Version 12.00
# Visual Studio Version 16
VisualStudioVersion = 16.0.31205.134
MinimumVisualStudioVersion = 10.0.40219.1
Project("{FAE04EC0-301F-11D3-BF4B-00C04F79EFBC}") = "Ejercicio07.Android", "Ejercicio07\Ejercicio07.Android\Ejercicio07.Android.csproj", "{E9D5AE48-7786-4EDD-94B0-67DDD5208FFC}"
EndProject
Project("{FAE04EC0-301F-11D3-BF4B-00C04F79EFBC}") = "Ejercicio07", "Ejercicio07\Ejercicio07\Ejercicio07.csproj", "{87EE51CE-187C-4AB8-8320-A6C7553D0000}"
EndProject
Global
	GlobalSection(SolutionConfigurationPlatforms) = preSolution
		Debug|Any CPU = Debug|Any CPU
		Release|Any CPU = Release|Any CPU
	EndGlobalSection
	GlobalSection(ProjectConfigurationPlatforms) = postSolution
		{E9D5AE48-7786-4EDD-94B0-67DDD5208FFC}.Debug|Any CPU.ActiveCfg = Debug|Any CPU
		{E9D5AE48-7786-4EDD-94B0-67DDD5208FFC}.Debug|Any CPU.Build.0 = Debug|Any CPU
		{E9D5AE48-7786-4EDD-94B0-67DDD5208FFC}.Debug|Any CPU.Deploy.0 = Debug|Any CPU
		{E9D5AE48-7786-4EDD-94B0-67DDD5208FFC}.Release|Any CPU.ActiveCfg = Release|Any CPU
		{E9D5AE48-7786-4EDD-94B0-67DDD5208FFC}.Release|Any CPU.Build.0 = Release|Any CPU
		{E9D5AE48-7786-4EDD-94B0-67DDD5208FFC}.Release|Any CPU.Deploy.0 = Release|Any CPU
		{87EE51CE-187C-4AB8-8320-A6C7553D0000}.Debug|Any CPU.ActiveCfg = Debug|Any CPU
		{87EE51CE-187C-4AB8-8320-A6C7553D0000}.Debug|Any CPU.Build.0 = Debug|Any CPU
		{87EE51CE-187C-4AB8-8320-A6C7553D0000}.Debug|Any CPU.Deploy.0 = Debug|Any CPU
		{87EE51CE-187C-4AB8-8320-A6C7553D0000}.Release|Any CPU.ActiveCfg = Release|Any CPU
		{87EE51CE-187C-4AB8-8320-A6C7553D0000}.Release|Any CPU.Build.0 = Release|Any CPU
		{87EE51CE-187C-4AB8-8320-A6C7553D0000}.Release|Any CPU.Deploy.0 = Release|Any CPU
	EndGlobalSection
	GlobalSection(SolutionProperties) = preSolution
		HideSolutionNode = FALSE
	EndGlobalSection
	GlobalSection(ExtensibilityGlobals) = postSolution
		SolutionGuid = {2B2283A6-067B-4511-A78F-7DF1258DC215}
	EndGlobalSection
EndGlobal
